<?xml version="1.0" encoding="utf-8"?>
<Project ToolsVersion="4.0" xmlns="http://schemas.microsoft.com/developer/msbuild/2003">
  <ItemGroup>
    <Filter Include="Source Files">
      <UniqueIdentifier>{4FC737F1-C7A5-4376-A066-2A32D752A2FF}</UniqueIdentifier>
      <Extensions>cpp;c;cc;cxx;c++;cppm;ixx;def;odl;idl;hpj;bat;asm;asmx</Extensions>
    </Filter>
    <Filter Include="Header Files">
      <UniqueIdentifier>{93995380-89BD-4b04-88EB-625FBE52EBFB}</UniqueIdentifier>
      <Extensions>h;hh;hpp;hxx;h++;hm;inl;inc;ipp;xsd</Extensions>
    </Filter>
    <Filter Include="Resource Files">
      <UniqueIdentifier>{67DA6AB6-F800-4c08-8B7A-83BB121AAD01}</UniqueIdentifier>
      <Extensions>rc;ico;cur;bmp;dlg;rc2;rct;bin;rgs;gif;jpg;jpeg;jpe;resx;tiff;tif;png;wav;mfcribbon-ms</Extensions>
    </Filter>
  </ItemGroup>
  <ItemGroup>
    <ClCompile Include="RemoteControlGui.cpp">
      <Filter>Source Files</Filter>
    </ClCompile>
    <ClCompile Include="Gui\MainWindow.cpp">
      <Filter>Source Files</Filter>
    </ClCompile>
    <ClCompile Include="Gui\ConnectWindow.cpp">
      <Filter>Source Files</Filter>
    </ClCompile>
    <ClCompile Include="Gui\ConnectingWindow.cpp">
      <Filter>Source Files</Filter>
    </ClCompile>
    <ClCompile Include="Gui\WaitWindow.cpp">
      <Filter>Source Files</Filter>
    </ClCompile>
    <ClCompile Include="CommunicationHandlers\JsonPacketSerializer.cpp">
      <Filter>Source Files</Filter>
    </ClCompile>
    <ClCompile Include="CommunicationHandlers\JsonPacketDeserializer.cpp">
      <Filter>Source Files</Filter>
    </ClCompile>
    <ClCompile Include="Compressor\H264Encoder.cpp">
      <Filter>Source Files</Filter>
    </ClCompile>
    <ClCompile Include="Compressor\H264Decoder.cpp">
      <Filter>Source Files</Filter>
    </ClCompile>
    <ClCompile Include="Connection\TCPConnection.cpp">
      <Filter>Source Files</Filter>
    </ClCompile>
    <ClCompile Include="Connection\UDPConnection.cpp">
      <Filter>Source Files</Filter>
    </ClCompile>
    <ClCompile Include="Connection\Connection.cpp">
      <Filter>Source Files</Filter>
    </ClCompile>
    <ClCompile Include="ConnectionHelpers\UDPChunksTransfer.cpp">
      <Filter>Source Files</Filter>
    </ClCompile>
    <ClCompile Include="ConnectionHelpers\UDPChunksReceiver.cpp">
      <Filter>Source Files</Filter>
    </ClCompile>
    <ClCompile Include="Crypto\Crypto.cpp">
      <Filter>Source Files</Filter>
    </ClCompile>
    <ClCompile Include="Infrastructure\Server.cpp">
      <Filter>Source Files</Filter>
    </ClCompile>
    <ClCompile Include="Infrastructure\Client.cpp">
      <Filter>Source Files</Filter>
    </ClCompile>
    <ClCompile Include="Gui\EnterPasswordWindow.cpp">
      <Filter>Source Files</Filter>
    </ClCompile>
    <ClCompile Include="Gui\AcceptConnectionWindow.cpp">
      <Filter>Source Files</Filter>
    </ClCompile>
    <ClCompile Include="Gui\MonitorSelectorWindow.cpp">
      <Filter>Source Files</Filter>
    </ClCompile>
    <ClCompile Include="Gui\SettingNagotiationWindow.cpp">
      <Filter>Source Files</Filter>
    </ClCompile>
    <ClCompile Include="Gui\ScreenShareWindow.cpp">
      <Filter>Source Files</Filter>
    </ClCompile>
    <ClCompile Include="Gui\ControlButtons.cpp">
      <Filter>Source Files</Filter>
    </ClCompile>
    <ClCompile Include="Gui\ControlPannel.cpp">
      <Filter>Source Files</Filter>
    </ClCompile>
    <ClCompile Include="FileTransmission\FileTransfer.cpp">
      <Filter>Source Files</Filter>
    </ClCompile>
  </ItemGroup>
  <ItemGroup>
    <ClInclude Include="Gui\MainWindow.h">
      <Filter>Header Files</Filter>
    </ClInclude>
    <ClInclude Include="Gui\ConnectWindow.h">
      <Filter>Header Files</Filter>
    </ClInclude>
    <ClInclude Include="Gui\WaitWindow.h">
      <Filter>Header Files</Filter>
    </ClInclude>
    <ClInclude Include="Gui\ConnectingWindow.h">
      <Filter>Header Files</Filter>
    </ClInclude>
    <ClInclude Include="CommunicationHandlers\Requests\Requests.h">
      <Filter>Header Files</Filter>
    </ClInclude>
    <ClInclude Include="CommunicationHandlers\Responses\Responses.h">
      <Filter>Header Files</Filter>
    </ClInclude>
    <ClInclude Include="CommunicationHandlers\JsonPacketDeserializer.h">
      <Filter>Header Files</Filter>
    </ClInclude>
    <ClInclude Include="CommunicationHandlers\JsonPacketSerializer.h">
      <Filter>Header Files</Filter>
    </ClInclude>
    <ClInclude Include="CommunicationHandlers\Codes.h">
      <Filter>Header Files</Filter>
    </ClInclude>
    <ClInclude Include="Compressor\H264Decoder.h">
      <Filter>Header Files</Filter>
    </ClInclude>
    <ClInclude Include="Compressor\H264Encoder.h">
      <Filter>Header Files</Filter>
    </ClInclude>
    <ClInclude Include="Connection\NetworkHeaders_Structures.h">
      <Filter>Header Files</Filter>
    </ClInclude>
    <ClInclude Include="Connection\TCPConnection.h">
      <Filter>Header Files</Filter>
    </ClInclude>
    <ClInclude Include="Connection\UDPConnection.h">
      <Filter>Header Files</Filter>
    </ClInclude>
    <ClInclude Include="Connection\Connection.h">
      <Filter>Header Files</Filter>
    </ClInclude>
    <ClInclude Include="ConnectionHelpers\UDPChunksReceiver.h">
      <Filter>Header Files</Filter>
    </ClInclude>
    <ClInclude Include="ConnectionHelpers\UDPChunksTransfer.h">
      <Filter>Header Files</Filter>
    </ClInclude>
    <ClInclude Include="Crypto\Crypto.h">
      <Filter>Header Files</Filter>
    </ClInclude>
    <ClInclude Include="Infrastructure\Server.h">
      <Filter>Header Files</Filter>
    </ClInclude>
    <ClInclude Include="Infrastructure\Client.h">
      <Filter>Header Files</Filter>
    </ClInclude>
    <ClInclude Include="Gui\EnterPasswordWindow.h">
      <Filter>Header Files</Filter>
    </ClInclude>
    <ClInclude Include="Gui\AcceptConnectionWindow.h">
      <Filter>Header Files</Filter>
    </ClInclude>
    <ClInclude Include="Gui\MonitorSelectorWindow.h">
      <Filter>Header Files</Filter>
    </ClInclude>
    <ClInclude Include="Gui\SettingNagotiationWindow.h">
      <Filter>Header Files</Filter>
    </ClInclude>
    <ClInclude Include="Gui\ScreenShareWindow.h">
      <Filter>Header Files</Filter>
    </ClInclude>
    <ClInclude Include="Gui\ControlButtons.h">
      <Filter>Header Files</Filter>
    </ClInclude>
    <ClInclude Include="Gui\ControlPanel.h">
      <Filter>Header Files</Filter>
    </ClInclude>
    <ClInclude Include="FileTransmission\FileTransfer.h">
      <Filter>Header Files</Filter>
    </ClInclude>
  </ItemGroup>
</Project>